
Microsoft Visual Studio Solution File, Format Version 12.00
# Visual Studio Version 17
VisualStudioVersion = 17.3.32811.315
MinimumVisualStudioVersion = 10.0.40219.1
Project("{FAE04EC0-301F-11D3-BF4B-00C04F79EFBC}") = "BootStrapAssignment", "BootStrapAssignment\BootStrapAssignment.csproj", "{EA9EEF22-74B3-4BFF-885B-749CA38E32B4}"
EndProject
Project("{FAE04EC0-301F-11D3-BF4B-00C04F79EFBC}") = "DataBaseFirstAppr", "DataBaseFirstAppr\DataBaseFirstAppr.csproj", "{F9DD19B8-6476-4624-A225-3F59AC675BA4}"
EndProject
Global
	GlobalSection(SolutionConfigurationPlatforms) = preSolution
		Debug|Any CPU = Debug|Any CPU
		Release|Any CPU = Release|Any CPU
	EndGlobalSection
	GlobalSection(ProjectConfigurationPlatforms) = postSolution
		{EA9EEF22-74B3-4BFF-885B-749CA38E32B4}.Debug|Any CPU.ActiveCfg = Debug|Any CPU
		{EA9EEF22-74B3-4BFF-885B-749CA38E32B4}.Debug|Any CPU.Build.0 = Debug|Any CPU
		{EA9EEF22-74B3-4BFF-885B-749CA38E32B4}.Release|Any CPU.ActiveCfg = Release|Any CPU
		{EA9EEF22-74B3-4BFF-885B-749CA38E32B4}.Release|Any CPU.Build.0 = Release|Any CPU
		{F9DD19B8-6476-4624-A225-3F59AC675BA4}.Debug|Any CPU.ActiveCfg = Debug|Any CPU
		{F9DD19B8-6476-4624-A225-3F59AC675BA4}.Debug|Any CPU.Build.0 = Debug|Any CPU
		{F9DD19B8-6476-4624-A225-3F59AC675BA4}.Release|Any CPU.ActiveCfg = Release|Any CPU
		{F9DD19B8-6476-4624-A225-3F59AC675BA4}.Release|Any CPU.Build.0 = Release|Any CPU
	EndGlobalSection
	GlobalSection(SolutionProperties) = preSolution
		HideSolutionNode = FALSE
	EndGlobalSection
	GlobalSection(ExtensibilityGlobals) = postSolution
		SolutionGuid = {60E0FF74-5E1E-4730-8AB5-41C42DA7A3F9}
	EndGlobalSection
EndGlobal
